
Microsoft Visual Studio Solution File, Format Version 12.00
# Visual Studio 15
VisualStudioVersion = 15.0.28010.2050
MinimumVisualStudioVersion = 10.0.40219.1
Project("{FAE04EC0-301F-11D3-BF4B-00C04F79EFBC}") = "GOTQuotes", "GOTQuotes\GOTQuotes.csproj", "{2CE39CC1-9C26-4239-AA37-7D62FE43C12C}"
EndProject
Global
	GlobalSection(SolutionConfigurationPlatforms) = preSolution
		Debug|Any CPU = Debug|Any CPU
		Release|Any CPU = Release|Any CPU
	EndGlobalSection
	GlobalSection(ProjectConfigurationPlatforms) = postSolution
		{2CE39CC1-9C26-4239-AA37-7D62FE43C12C}.Debug|Any CPU.ActiveCfg = Debug|Any CPU
		{2CE39CC1-9C26-4239-AA37-7D62FE43C12C}.Debug|Any CPU.Build.0 = Debug|Any CPU
		{2CE39CC1-9C26-4239-AA37-7D62FE43C12C}.Release|Any CPU.ActiveCfg = Release|Any CPU
		{2CE39CC1-9C26-4239-AA37-7D62FE43C12C}.Release|Any CPU.Build.0 = Release|Any CPU
	EndGlobalSection
	GlobalSection(SolutionProperties) = preSolution
		HideSolutionNode = FALSE
	EndGlobalSection
	GlobalSection(ExtensibilityGlobals) = postSolution
		SolutionGuid = {42B7DB38-1B5A-4B16-89E5-5955A3D21377}
	EndGlobalSection
EndGlobal
